
Microsoft Visual Studio Solution File, Format Version 12.00
# Visual Studio Version 16
VisualStudioVersion = 16.0.30621.155
MinimumVisualStudioVersion = 10.0.40219.1
Project("{FAE04EC0-301F-11D3-BF4B-00C04F79EFBC}") = "FirstWCFService", "FirstWCFService.csproj", "{B63A74BB-7268-45F3-8541-ACC55EFBA478}"
EndProject
Global
	GlobalSection(SolutionConfigurationPlatforms) = preSolution
		Debug|Any CPU = Debug|Any CPU
		Release|Any CPU = Release|Any CPU
	EndGlobalSection
	GlobalSection(ProjectConfigurationPlatforms) = postSolution
		{B63A74BB-7268-45F3-8541-ACC55EFBA478}.Debug|Any CPU.ActiveCfg = Debug|Any CPU
		{B63A74BB-7268-45F3-8541-ACC55EFBA478}.Debug|Any CPU.Build.0 = Debug|Any CPU
		{B63A74BB-7268-45F3-8541-ACC55EFBA478}.Release|Any CPU.ActiveCfg = Release|Any CPU
		{B63A74BB-7268-45F3-8541-ACC55EFBA478}.Release|Any CPU.Build.0 = Release|Any CPU
	EndGlobalSection
	GlobalSection(SolutionProperties) = preSolution
		HideSolutionNode = FALSE
	EndGlobalSection
	GlobalSection(ExtensibilityGlobals) = postSolution
		SolutionGuid = {C6551EA0-3A0E-408B-A2A6-616ED6E350C9}
	EndGlobalSection
EndGlobal
